
Microsoft Visual Studio Solution File, Format Version 12.00
# Visual Studio 15
VisualStudioVersion = 15.0.27428.1
MinimumVisualStudioVersion = 10.0.40219.1
Project("{FAE04EC0-301F-11D3-BF4B-00C04F79EFBC}") = "RobotExercise.Tests", "RobotExercise.Tests\RobotExercise.Tests.csproj", "{00DFEEFC-6E90-459F-BE61-201878FE8401}"
EndProject
Project("{FAE04EC0-301F-11D3-BF4B-00C04F79EFBC}") = "RobotExercise", "RobotExercise\RobotExercise.csproj", "{DFA06BD7-2DDF-4662-893D-092CC10198DC}"
EndProject
Project("{FAE04EC0-301F-11D3-BF4B-00C04F79EFBC}") = "Robot.Console", "Robot.Console\Robot.Console.csproj", "{F2C07A3D-ECD6-4355-9675-A1C0DE16E96D}"
EndProject
Global
	GlobalSection(SolutionConfigurationPlatforms) = preSolution
		Debug|Any CPU = Debug|Any CPU
		Release|Any CPU = Release|Any CPU
	EndGlobalSection
	GlobalSection(ProjectConfigurationPlatforms) = postSolution
		{00DFEEFC-6E90-459F-BE61-201878FE8401}.Debug|Any CPU.ActiveCfg = Debug|Any CPU
		{00DFEEFC-6E90-459F-BE61-201878FE8401}.Debug|Any CPU.Build.0 = Debug|Any CPU
		{00DFEEFC-6E90-459F-BE61-201878FE8401}.Release|Any CPU.ActiveCfg = Release|Any CPU
		{00DFEEFC-6E90-459F-BE61-201878FE8401}.Release|Any CPU.Build.0 = Release|Any CPU
		{DFA06BD7-2DDF-4662-893D-092CC10198DC}.Debug|Any CPU.ActiveCfg = Debug|Any CPU
		{DFA06BD7-2DDF-4662-893D-092CC10198DC}.Debug|Any CPU.Build.0 = Debug|Any CPU
		{DFA06BD7-2DDF-4662-893D-092CC10198DC}.Release|Any CPU.ActiveCfg = Release|Any CPU
		{DFA06BD7-2DDF-4662-893D-092CC10198DC}.Release|Any CPU.Build.0 = Release|Any CPU
		{F2C07A3D-ECD6-4355-9675-A1C0DE16E96D}.Debug|Any CPU.ActiveCfg = Debug|Any CPU
		{F2C07A3D-ECD6-4355-9675-A1C0DE16E96D}.Debug|Any CPU.Build.0 = Debug|Any CPU
		{F2C07A3D-ECD6-4355-9675-A1C0DE16E96D}.Release|Any CPU.ActiveCfg = Release|Any CPU
		{F2C07A3D-ECD6-4355-9675-A1C0DE16E96D}.Release|Any CPU.Build.0 = Release|Any CPU
	EndGlobalSection
	GlobalSection(SolutionProperties) = preSolution
		HideSolutionNode = FALSE
	EndGlobalSection
	GlobalSection(ExtensibilityGlobals) = postSolution
		SolutionGuid = {A461646B-DAB6-43B9-9432-675091C5C6AA}
	EndGlobalSection
EndGlobal
